
Microsoft Visual Studio Solution File, Format Version 12.00
# Visual Studio Version 17
VisualStudioVersion = 17.13.35919.96 d17.13
MinimumVisualStudioVersion = 10.0.40219.1
Project("{FAE04EC0-301F-11D3-BF4B-00C04F79EFBC}") = "RestWebApp", "RestWebApp.csproj", "{B865BB83-7145-98A8-2684-9D79158D5D5D}"
EndProject
Global
	GlobalSection(SolutionConfigurationPlatforms) = preSolution
		Debug|Any CPU = Debug|Any CPU
		Release|Any CPU = Release|Any CPU
	EndGlobalSection
	GlobalSection(ProjectConfigurationPlatforms) = postSolution
		{B865BB83-7145-98A8-2684-9D79158D5D5D}.Debug|Any CPU.ActiveCfg = Debug|Any CPU
		{B865BB83-7145-98A8-2684-9D79158D5D5D}.Debug|Any CPU.Build.0 = Debug|Any CPU
		{B865BB83-7145-98A8-2684-9D79158D5D5D}.Release|Any CPU.ActiveCfg = Release|Any CPU
		{B865BB83-7145-98A8-2684-9D79158D5D5D}.Release|Any CPU.Build.0 = Release|Any CPU
	EndGlobalSection
	GlobalSection(SolutionProperties) = preSolution
		HideSolutionNode = FALSE
	EndGlobalSection
	GlobalSection(ExtensibilityGlobals) = postSolution
		SolutionGuid = {201F747D-7674-45D1-B291-2A08F818CE66}
	EndGlobalSection
EndGlobal
